// !$*UTF8*$!
{
	archiveVersion = 1;
	classes = {
	};
	objectVersion = 46;
	objects = {

/* Begin PBXBuildFile section */
		8B191E031A96D65B008BF06B /* main.m in Sources */ = {isa = PBXBuildFile; fileRef = 8B191E021A96D65B008BF06B /* main.m */; };
		8B191E061A96D65B008BF06B /* AppDelegate.m in Sources */ = {isa = PBXBuildFile; fileRef = 8B191E051A96D65B008BF06B /* AppDelegate.m */; };
		8B191E0E1A96D65B008BF06B /* Images.xcassets in Resources */ = {isa = PBXBuildFile; fileRef = 8B191E0D1A96D65B008BF06B /* Images.xcassets */; };
		8B191E111A96D65B008BF06B /* LaunchScreen.xib in Resources */ = {isa = PBXBuildFile; fileRef = 8B191E0F1A96D65B008BF06B /* LaunchScreen.xib */; };
		8B191E1D1A96D65B008BF06B /* YTinderTests.m in Sources */ = {isa = PBXBuildFile; fileRef = 8B191E1C1A96D65B008BF06B /* YTinderTests.m */; };
		8B191E291A96D6A1008BF06B /* CardsViewController.m in Sources */ = {isa = PBXBuildFile; fileRef = 8B191E271A96D6A1008BF06B /* CardsViewController.m */; };
		8B191E2A1A96D6A1008BF06B /* CardsViewController.xib in Resources */ = {isa = PBXBuildFile; fileRef = 8B191E281A96D6A1008BF06B /* CardsViewController.xib */; };
		8B2212521A96DE2700D81E61 /* DraggableImageView.m in Sources */ = {isa = PBXBuildFile; fileRef = 8B2212511A96DE2700D81E61 /* DraggableImageView.m */; };
/* End PBXBuildFile section */

/* Begin PBXContainerItemProxy section */
		8B191E171A96D65B008BF06B /* PBXContainerItemProxy */ = {
			isa = PBXContainerItemProxy;
			containerPortal = 8B191DF51A96D65A008BF06B /* Project object */;
			proxyType = 1;
			remoteGlobalIDString = 8B191DFC1A96D65A008BF06B;
			remoteInfo = YTinder;
		};
/* End PBXContainerItemProxy section */

/* Begin PBXFileReference section */
		8B191DFD1A96D65A008BF06B /* YTinder.app */ = {isa = PBXFileReference; explicitFileType = wrapper.application; includeInIndex = 0; path = YTinder.app; sourceTree = BUILT_PRODUCTS_DIR; };
		8B191E011A96D65B008BF06B /* Info.plist */ = {isa = PBXFileReference; lastKnownFileType = text.plist.xml; path = Info.plist; sourceTree = "<group>"; };
		8B191E021A96D65B008BF06B /* main.m */ = {isa = PBXFileReference; lastKnownFileType = sourcecode.c.objc; path = main.m; sourceTree = "<group>"; };
		8B191E041A96D65B008BF06B /* AppDelegate.h */ = {isa = PBXFileReference; lastKnownFileType = sourcecode.c.h; path = AppDelegate.h; sourceTree = "<group>"; };
		8B191E051A96D65B008BF06B /* AppDelegate.m */ = {isa = PBXFileReference; lastKnownFileType = sourcecode.c.objc; path = AppDelegate.m; sourceTree = "<group>"; };
		8B191E0D1A96D65B008BF06B /* Images.xcassets */ = {isa = PBXFileReference; lastKnownFileType = folder.assetcatalog; path = Images.xcassets; sourceTree = "<group>"; };
		8B191E101A96D65B008BF06B /* Base */ = {isa = PBXFileReference; lastKnownFileType = file.xib; name = Base; path = Base.lproj/LaunchScreen.xib; sourceTree = "<group>"; };
		8B191E161A96D65B008BF06B /* YTinderTests.xctest */ = {isa = PBXFileReference; explicitFileType = wrapper.cfbundle; includeInIndex = 0; path = YTinderTests.xctest; sourceTree = BUILT_PRODUCTS_DIR; };
		8B191E1B1A96D65B008BF06B /* Info.plist */ = {isa = PBXFileReference; lastKnownFileType = text.plist.xml; path = Info.plist; sourceTree = "<group>"; };
		8B191E1C1A96D65B008BF06B /* YTinderTests.m */ = {isa = PBXFileReference; lastKnownFileType = sourcecode.c.objc; path = YTinderTests.m; sourceTree = "<group>"; };
		8B191E261A96D6A1008BF06B /* CardsViewController.h */ = {isa = PBXFileReference; fileEncoding = 4; lastKnownFileType = sourcecode.c.h; path = CardsViewController.h; sourceTree = "<group>"; };
		8B191E271A96D6A1008BF06B /* CardsViewController.m */ = {isa = PBXFileReference; fileEncoding = 4; lastKnownFileType = sourcecode.c.objc; path = CardsViewController.m; sourceTree = "<group>"; };
		8B191E281A96D6A1008BF06B /* CardsViewController.xib */ = {isa = PBXFileReference; fileEncoding = 4; lastKnownFileType = file.xib; path = CardsViewController.xib; sourceTree = "<group>"; };
		8B2212501A96DE2700D81E61 /* DraggableImageView.h */ = {isa = PBXFileReference; fileEncoding = 4; lastKnownFileType = sourcecode.c.h; path = DraggableImageView.h; sourceTree = "<group>"; };
		8B2212511A96DE2700D81E61 /* DraggableImageView.m */ = {isa = PBXFileReference; fileEncoding = 4; lastKnownFileType = sourcecode.c.objc; path = DraggableImageView.m; sourceTree = "<group>"; };
/* End PBXFileReference section */

/* Begin PBXFrameworksBuildPhase section */
		8B191DFA1A96D65A008BF06B /* Frameworks */ = {
			isa = PBXFrameworksBuildPhase;
			buildActionMask = 2147483647;
			files = (
			);
			runOnlyForDeploymentPostprocessing = 0;
		};
		8B191E131A96D65B008BF06B /* Frameworks */ = {
			isa = PBXFrameworksBuildPhase;
			buildActionMask = 2147483647;
			files = (
			);
			runOnlyForDeploymentPostprocessing = 0;
		};
/* End PBXFrameworksBuildPhase section */

/* Begin PBXGroup section */
		8B191DF41A96D65A008BF06B = {
			isa = PBXGroup;
			children = (
				8B191DFF1A96D65A008BF06B /* YTinder */,
				8B191E191A96D65B008BF06B /* YTinderTests */,
				8B191DFE1A96D65A008BF06B /* Products */,
			);
			sourceTree = "<group>";
		};
		8B191DFE1A96D65A008BF06B /* Products */ = {
			isa = PBXGroup;
			children = (
				8B191DFD1A96D65A008BF06B /* YTinder.app */,
				8B191E161A96D65B008BF06B /* YTinderTests.xctest */,
			);
			name = Products;
			sourceTree = "<group>";
		};
		8B191DFF1A96D65A008BF06B /* YTinder */ = {
			isa = PBXGroup;
			children = (
				8B191E041A96D65B008BF06B /* AppDelegate.h */,
				8B191E051A96D65B008BF06B /* AppDelegate.m */,
				8B191E0D1A96D65B008BF06B /* Images.xcassets */,
				8B191E0F1A96D65B008BF06B /* LaunchScreen.xib */,
				8B191E001A96D65B008BF06B /* Supporting Files */,
				8B191E261A96D6A1008BF06B /* CardsViewController.h */,
				8B191E271A96D6A1008BF06B /* CardsViewController.m */,
				8B191E281A96D6A1008BF06B /* CardsViewController.xib */,
				8B2212501A96DE2700D81E61 /* DraggableImageView.h */,
				8B2212511A96DE2700D81E61 /* DraggableImageView.m */,
			);
			path = YTinder;
			sourceTree = "<group>";
		};
		8B191E001A96D65B008BF06B /* Supporting Files */ = {
			isa = PBXGroup;
			children = (
				8B191E011A96D65B008BF06B /* Info.plist */,
				8B191E021A96D65B008BF06B /* main.m */,
			);
			name = "Supporting Files";
			sourceTree = "<group>";
		};
		8B191E191A96D65B008BF06B /* YTinderTests */ = {
			isa = PBXGroup;
			children = (
				8B191E1C1A96D65B008BF06B /* YTinderTests.m */,
				8B191E1A1A96D65B008BF06B /* Supporting Files */,
			);
			path = YTinderTests;
			sourceTree = "<group>";
		};
		8B191E1A1A96D65B008BF06B /* Supporting Files */ = {
			isa = PBXGroup;
			children = (
				8B191E1B1A96D65B008BF06B /* Info.plist */,
			);
			name = "Supporting Files";
			sourceTree = "<group>";
		};
/* End PBXGroup section */

/* Begin PBXNativeTarget section */
		8B191DFC1A96D65A008BF06B /* YTinder */ = {
			isa = PBXNativeTarget;
			buildConfigurationList = 8B191E201A96D65B008BF06B /* Build configuration list for PBXNativeTarget "YTinder" */;
			buildPhases = (
				8B191DF91A96D65A008BF06B /* Sources */,
				8B191DFA1A96D65A008BF06B /* Frameworks */,
				8B191DFB1A96D65A008BF06B /* Resources */,
			);
			buildRules = (
			);
			dependencies = (
			);
			name = YTinder;
			productName = YTinder;
			productReference = 8B191DFD1A96D65A008BF06B /* YTinder.app */;
			productType = "com.apple.product-type.application";
		};
		8B191E151A96D65B008BF06B /* YTinderTests */ = {
			isa = PBXNativeTarget;
			buildConfigurationList = 8B191E231A96D65B008BF06B /* Build configuration list for PBXNativeTarget "YTinderTests" */;
			buildPhases = (
				8B191E121A96D65B008BF06B /* Sources */,
				8B191E131A96D65B008BF06B /* Frameworks */,
				8B191E141A96D65B008BF06B /* Resources */,
			);
			buildRules = (
			);
			dependencies = (
				8B191E181A96D65B008BF06B /* PBXTargetDependency */,
			);
			name = YTinderTests;
			productName = YTinderTests;
			productReference = 8B191E161A96D65B008BF06B /* YTinderTests.xctest */;
			productType = "com.apple.product-type.bundle.unit-test";
		};
/* End PBXNativeTarget section */

/* Begin PBXProject section */
		8B191DF51A96D65A008BF06B /* Project object */ = {
			isa = PBXProject;
			attributes = {
				LastUpgradeCheck = 0610;
				ORGANIZATIONNAME = "Yahoo!";
				TargetAttributes = {
					8B191DFC1A96D65A008BF06B = {
						CreatedOnToolsVersion = 6.1.1;
					};
					8B191E151A96D65B008BF06B = {
						CreatedOnToolsVersion = 6.1.1;
						TestTargetID = 8B191DFC1A96D65A008BF06B;
					};
				};
			};
			buildConfigurationList = 8B191DF81A96D65A008BF06B /* Build configuration list for PBXProject "YTinder" */;
			compatibilityVersion = "Xcode 3.2";
			developmentRegion = English;
			hasScannedForEncodings = 0;
			knownRegions = (
				en,
				Base,
			);
			mainGroup = 8B191DF41A96D65A008BF06B;
			productRefGroup = 8B191DFE1A96D65A008BF06B /* Products */;
			projectDirPath = "";
			projectRoot = "";
			targets = (
				8B191DFC1A96D65A008BF06B /* YTinder */,
				8B191E151A96D65B008BF06B /* YTinderTests */,
			);
		};
/* End PBXProject section */

/* Begin PBXResourcesBuildPhase section */
		8B191DFB1A96D65A008BF06B /* Resources */ = {
			isa = PBXResourcesBuildPhase;
			buildActionMask = 2147483647;
			files = (
				8B191E111A96D65B008BF06B /* LaunchScreen.xib in Resources */,
				8B191E2A1A96D6A1008BF06B /* CardsViewController.xib in Resources */,
				8B191E0E1A96D65B008BF06B /* Images.xcassets in Resources */,
			);
			runOnlyForDeploymentPostprocessing = 0;
		};
		8B191E141A96D65B008BF06B /* Resources */ = {
			isa = PBXResourcesBuildPhase;
			buildActionMask = 2147483647;
			files = (
			);
			runOnlyForDeploymentPostprocessing = 0;
		};
/* End PBXResourcesBuildPhase section */

/* Begin PBXSourcesBuildPhase section */
		8B191DF91A96D65A008BF06B /* Sources */ = {
			isa = PBXSourcesBuildPhase;
			buildActionMask = 2147483647;
			files = (
				8B191E061A96D65B008BF06B /* AppDelegate.m in Sources */,
				8B191E291A96D6A1008BF06B /* CardsViewController.m in Sources */,
				8B2212521A96DE2700D81E61 /* DraggableImageView.m in Sources */,
				8B191E031A96D65B008BF06B /* main.m in Sources */,
			);
			runOnlyForDeploymentPostprocessing = 0;
		};
		8B191E121A96D65B008BF06B /* Sources */ = {
			isa = PBXSourcesBuildPhase;
			buildActionMask = 2147483647;
			files = (
				8B191E1D1A96D65B008BF06B /* YTinderTests.m in Sources */,
			);
			runOnlyForDeploymentPostprocessing = 0;
		};
/* End PBXSourcesBuildPhase section */

/* Begin PBXTargetDependency section */
		8B191E181A96D65B008BF06B /* PBXTargetDependency */ = {
			isa = PBXTargetDependency;
			target = 8B191DFC1A96D65A008BF06B /* YTinder */;
			targetProxy = 8B191E171A96D65B008BF06B /* PBXContainerItemProxy */;
		};
/* End PBXTargetDependency section */

/* Begin PBXVariantGroup section */
		8B191E0F1A96D65B008BF06B /* LaunchScreen.xib */ = {
			isa = PBXVariantGroup;
			children = (
				8B191E101A96D65B008BF06B /* Base */,
			);
			name = LaunchScreen.xib;
			sourceTree = "<group>";
		};
/* End PBXVariantGroup section */

/* Begin XCBuildConfiguration section */
		8B191E1E1A96D65B008BF06B /* Debug */ = {
			isa = XCBuildConfiguration;
			buildSettings = {
				ALWAYS_SEARCH_USER_PATHS = NO;
				CLANG_CXX_LANGUAGE_STANDARD = "gnu++0x";
				CLANG_CXX_LIBRARY = "libc++";
				CLANG_ENABLE_MODULES = YES;
				CLANG_ENABLE_OBJC_ARC = YES;
				CLANG_WARN_BOOL_CONVERSION = YES;
				CLANG_WARN_CONSTANT_CONVERSION = YES;
				CLANG_WARN_DIRECT_OBJC_ISA_USAGE = YES_ERROR;
				CLANG_WARN_EMPTY_BODY = YES;
				CLANG_WARN_ENUM_CONVERSION = YES;
				CLANG_WARN_INT_CONVERSION = YES;
				CLANG_WARN_OBJC_ROOT_CLASS = YES_ERROR;
				CLANG_WARN_UNREACHABLE_CODE = YES;
				CLANG_WARN__DUPLICATE_METHOD_MATCH = YES;
				"CODE_SIGN_IDENTITY[sdk=iphoneos*]" = "iPhone Developer";
				COPY_PHASE_STRIP = NO;
				ENABLE_STRICT_OBJC_MSGSEND = YES;
				GCC_C_LANGUAGE_STANDARD = gnu99;
				GCC_DYNAMIC_NO_PIC = NO;
				GCC_OPTIMIZATION_LEVEL = 0;
				GCC_PREPROCESSOR_DEFINITIONS = (
					"DEBUG=1",
					"$(inherited)",
				);
				GCC_SYMBOLS_PRIVATE_EXTERN = NO;
				GCC_WARN_64_TO_32_BIT_CONVERSION = YES;
				GCC_WARN_ABOUT_RETURN_TYPE = YES_ERROR;
				GCC_WARN_UNDECLARED_SELECTOR = YES;
				GCC_WARN_UNINITIALIZED_AUTOS = YES_AGGRESSIVE;
				GCC_WARN_UNUSED_FUNCTION = YES;
				GCC_WARN_UNUSED_VARIABLE = YES;
				IPHONEOS_DEPLOYMENT_TARGET = 8.1;
				MTL_ENABLE_DEBUG_INFO = YES;
				ONLY_ACTIVE_ARCH = YES;
				SDKROOT = iphoneos;
			};
			name = Debug;
		};
		8B191E1F1A96D65B008BF06B /* Release */ = {
			isa = XCBuildConfiguration;
			buildSettings = {
				ALWAYS_SEARCH_USER_PATHS = NO;
				CLANG_CXX_LANGUAGE_STANDARD = "gnu++0x";
				CLANG_CXX_LIBRARY = "libc++";
				CLANG_ENABLE_MODULES = YES;
				CLANG_ENABLE_OBJC_ARC = YES;
				CLANG_WARN_BOOL_CONVERSION = YES;
				CLANG_WARN_CONSTANT_CONVERSION = YES;
				CLANG_WARN_DIRECT_OBJC_ISA_USAGE = YES_ERROR;
				CLANG_WARN_EMPTY_BODY = YES;
				CLANG_WARN_ENUM_CONVERSION = YES;
				CLANG_WARN_INT_CONVERSION = YES;
				CLANG_WARN_OBJC_ROOT_CLASS = YES_ERROR;
				CLANG_WARN_UNREACHABLE_CODE = YES;
				CLANG_WARN__DUPLICATE_METHOD_MATCH = YES;
				"CODE_SIGN_IDENTITY[sdk=iphoneos*]" = "iPhone Developer";
				COPY_PHASE_STRIP = YES;
				ENABLE_NS_ASSERTIONS = NO;
				ENABLE_STRICT_OBJC_MSGSEND = YES;
				GCC_C_LANGUAGE_STANDARD = gnu99;
				GCC_WARN_64_TO_32_BIT_CONVERSION = YES;
				GCC_WARN_ABOUT_RETURN_TYPE = YES_ERROR;
				GCC_WARN_UNDECLARED_SELECTOR = YES;
				GCC_WARN_UNINITIALIZED_AUTOS = YES_AGGRESSIVE;
				GCC_WARN_UNUSED_FUNCTION = YES;
				GCC_WARN_UNUSED_VARIABLE = YES;
				IPHONEOS_DEPLOYMENT_TARGET = 8.1;
				MTL_ENABLE_DEBUG_INFO = NO;
				SDKROOT = iphoneos;
				VALIDATE_PRODUCT = YES;
			};
			name = Release;
		};
		8B191E211A96D65B008BF06B /* Debug */ = {
			isa = XCBuildConfiguration;
			buildSettings = {
				ASSETCATALOG_COMPILER_APPICON_NAME = AppIcon;
				INFOPLIST_FILE = YTinder/Info.plist;
				LD_RUNPATH_SEARCH_PATHS = "$(inherited) @executable_path/Frameworks";
				PRODUCT_NAME = "$(TARGET_NAME)";
			};
			name = Debug;
		};
		8B191E221A96D65B008BF06B /* Release */ = {
			isa = XCBuildConfiguration;
			buildSettings = {
				ASSETCATALOG_COMPILER_APPICON_NAME = AppIcon;
				INFOPLIST_FILE = YTinder/Info.plist;
				LD_RUNPATH_SEARCH_PATHS = "$(inherited) @executable_path/Frameworks";
				PRODUCT_NAME = "$(TARGET_NAME)";
			};
			name = Release;
		};
		8B191E241A96D65B008BF06B /* Debug */ = {
			isa = XCBuildConfiguration;
			buildSettings = {
				BUNDLE_LOADER = "$(TEST_HOST)";
				FRAMEWORK_SEARCH_PATHS = (
					"$(SDKROOT)/Developer/Library/Frameworks",
					"$(inherited)",
				);
				GCC_PREPROCESSOR_DEFINITIONS = (
					"DEBUG=1",
					"$(inherited)",
				);
				INFOPLIST_FILE = YTinderTests/Info.plist;
				LD_RUNPATH_SEARCH_PATHS = "$(inherited) @executable_path/Frameworks @loader_path/Frameworks";
				PRODUCT_NAME = "$(TARGET_NAME)";
				TEST_HOST = "$(BUILT_PRODUCTS_DIR)/YTinder.app/YTinder";
			};
			name = Debug;
		};
		8B191E251A96D65B008BF06B /* Release */ = {
			isa = XCBuildConfiguration;
			buildSettings = {
				BUNDLE_LOADER = "$(TEST_HOST)";
				FRAMEWORK_SEARCH_PATHS = (
					"$(SDKROOT)/Developer/Library/Frameworks",
					"$(inherited)",
				);
				INFOPLIST_FILE = YTinderTests/Info.plist;
				LD_RUNPATH_SEARCH_PATHS = "$(inherited) @executable_path/Frameworks @loader_path/Frameworks";
				PRODUCT_NAME = "$(TARGET_NAME)";
				TEST_HOST = "$(BUILT_PRODUCTS_DIR)/YTinder.app/YTinder";
			};
			name = Release;
		};
/* End XCBuildConfiguration section */

/* Begin XCConfigurationList section */
		8B191DF81A96D65A008BF06B /* Build configuration list for PBXProject "YTinder" */ = {
			isa = XCConfigurationList;
			buildConfigurations = (
				8B191E1E1A96D65B008BF06B /* Debug */,
				8B191E1F1A96D65B008BF06B /* Release */,
			);
			defaultConfigurationIsVisible = 0;
			defaultConfigurationName = Release;
		};
		8B191E201A96D65B008BF06B /* Build configuration list for PBXNativeTarget "YTinder" */ = {
			isa = XCConfigurationList;
			buildConfigurations = (
				8B191E211A96D65B008BF06B /* Debug */,
				8B191E221A96D65B008BF06B /* Release */,
			);
			defaultConfigurationIsVisible = 0;
			defaultConfigurationName = Release;
		};
		8B191E231A96D65B008BF06B /* Build configuration list for PBXNativeTarget "YTinderTests" */ = {
			isa = XCConfigurationList;
			buildConfigurations = (
				8B191E241A96D65B008BF06B /* Debug */,
				8B191E251A96D65B008BF06B /* Release */,
			);
			defaultConfigurationIsVisible = 0;
			defaultConfigurationName = Release;
		};
/* End XCConfigurationList section */
	};
	rootObject = 8B191DF51A96D65A008BF06B /* Project object */;
}
